git.sonicoriginal.software/logger.git v1.0.2 h1:piQdmBFsakcJMydwIhzMgik2XO3gmJ7vtL132FQQio0=
git.sonicoriginal.software/logger.git v1.0.2/go.mod h1:85iRN4FpCF11i+B5NPiLfn3foEv3xn4PrPe9fA8k/UA=
git.sonicoriginal.software/server.git/v2 v2.0.0-rc6 h1:8eA/oFY0PtZqVS79AhH1HRQh0Q7bueta0AxUiFoG1yA=
git.sonicoriginal.software/server.git/v2 v2.0.0-rc6/go.mod h1:Dp1e9tZDX8Hb1VjRcro/9lQLouOsA2TlLoVzEEsYpV4=
github.com/go-git/go-billy v3.1.0+incompatible h1:dwrJ8G2Jt1srYgIJs+lRjA36qBY68O2Lg5idKG8ef5M=
github.com/go-git/go-billy v3.1.0+incompatible/go.mod h1:hedUGslB3n31bx5SW9KMjV/t0CUKnrapjVG9fT7xKX4=
github.com/go-git/go-git/v5 v5.8.1 h1:Zo79E4p7TRk0xoRgMq0RShiTHGKcKI4+DI6BfJc/Q+A=
github.com/go-git/go-git/v5 v5.8.1/go.mod h1:FHFuoD6yGz5OSKEBK+aWN9Oah0q54Jxl0abmj6GnqAo=
github.com/kr/pretty v0.3.1 h1:flRD4NNwYAUpkphVc1HcthR4KEIFJ65n8Mw5qdRn3LE=
github.com/kr/text v0.2.0 h1:5Nx0Ya0ZqY2ygV366QzturHI13Jq95ApcVaJBhpS+AY=
github.com/pjbgf/sha1cd v0.3.0 h1:4D5XXmUUBUl/xQ6IjCkEAbqXskkq/4O7LmGn0AqMDs4=
github.com/pjbgf/sha1cd v0.3.0/go.mod h1:nZ1rrWOcGJ5uZgEEVL1VUM9iRQiZvWdbZjkKyFzPPsI=
github.com/rogpeppe/go-internal v1.9.0 h1:73kH8U+JUqXU8lRuOHeVHaa/SZPifC7BkcraZVejAe8=
gopkg.in/check.v1 v1.0.0-20201130134442-10cb98267c6c h1:Hei/4ADfdWqJk1ZMxUNpqntNwaWcugrBjAiHlqqRiVk=
gopkg.in/src-d/go-billy.v3 v3.1.0 h1:jQUeZbuaZTRIFkumLzrKPbx1HE2oaSr4bwv//3erGN4=
gopkg.in/src-d/go-billy.v3 v3.1.0/go.mod h1:M8qZfUdoeVaxdZyDBaKp3COPKq3Bn3JZH3ycn7wlfBE=
